
Microsoft Visual Studio Solution File, Format Version 12.00
# Visual Studio Version 17
VisualStudioVersion = 17.5.33627.172
MinimumVisualStudioVersion = 10.0.40219.1
Project("{FAE04EC0-301F-11D3-BF4B-00C04F79EFBC}") = "frazione", "frazione\frazione.csproj", "{09500A96-772A-4DA0-959F-E00B9F249E85}"
EndProject
Global
	GlobalSection(SolutionConfigurationPlatforms) = preSolution
		Debug|Any CPU = Debug|Any CPU
		Release|Any CPU = Release|Any CPU
	EndGlobalSection
	GlobalSection(ProjectConfigurationPlatforms) = postSolution
		{09500A96-772A-4DA0-959F-E00B9F249E85}.Debug|Any CPU.ActiveCfg = Debug|Any CPU
		{09500A96-772A-4DA0-959F-E00B9F249E85}.Debug|Any CPU.Build.0 = Debug|Any CPU
		{09500A96-772A-4DA0-959F-E00B9F249E85}.Release|Any CPU.ActiveCfg = Release|Any CPU
		{09500A96-772A-4DA0-959F-E00B9F249E85}.Release|Any CPU.Build.0 = Release|Any CPU
	EndGlobalSection
	GlobalSection(SolutionProperties) = preSolution
		HideSolutionNode = FALSE
	EndGlobalSection
	GlobalSection(ExtensibilityGlobals) = postSolution
		SolutionGuid = {047EDB32-719B-4296-B4F7-04B484951703}
	EndGlobalSection
EndGlobal
